
Microsoft Visual Studio Solution File, Format Version 12.00
# Visual Studio 14
VisualStudioVersion = 14.0.25420.1
MinimumVisualStudioVersion = 10.0.40219.1
Project("{FAE04EC0-301F-11D3-BF4B-00C04F79EFBC}") = "Admin", "Admin\Admin.csproj", "{D5973136-D925-4DC5-AFCD-F38B9C0DD3FC}"
EndProject
Project("{FAE04EC0-301F-11D3-BF4B-00C04F79EFBC}") = "Data", "Data\Data.csproj", "{5F841287-5131-44FC-B178-489427189F2E}"
EndProject
Global
	GlobalSection(SolutionConfigurationPlatforms) = preSolution
		Debug|Any CPU = Debug|Any CPU
		Release|Any CPU = Release|Any CPU
	EndGlobalSection
	GlobalSection(ProjectConfigurationPlatforms) = postSolution
		{D5973136-D925-4DC5-AFCD-F38B9C0DD3FC}.Debug|Any CPU.ActiveCfg = Debug|Any CPU
		{D5973136-D925-4DC5-AFCD-F38B9C0DD3FC}.Debug|Any CPU.Build.0 = Debug|Any CPU
		{D5973136-D925-4DC5-AFCD-F38B9C0DD3FC}.Release|Any CPU.ActiveCfg = Release|Any CPU
		{D5973136-D925-4DC5-AFCD-F38B9C0DD3FC}.Release|Any CPU.Build.0 = Release|Any CPU
		{5F841287-5131-44FC-B178-489427189F2E}.Debug|Any CPU.ActiveCfg = Debug|Any CPU
		{5F841287-5131-44FC-B178-489427189F2E}.Debug|Any CPU.Build.0 = Debug|Any CPU
		{5F841287-5131-44FC-B178-489427189F2E}.Release|Any CPU.ActiveCfg = Release|Any CPU
		{5F841287-5131-44FC-B178-489427189F2E}.Release|Any CPU.Build.0 = Release|Any CPU
	EndGlobalSection
	GlobalSection(SolutionProperties) = preSolution
		HideSolutionNode = FALSE
	EndGlobalSection
EndGlobal
